// !$*UTF8*$!
{
	archiveVersion = 1;
	classes = {
	};
	objectVersion = 55;
	objects = {

/* Begin PBXBuildFile section */
		8B7B4A462845A14500A081CC /* __Pa__StribeApp.swift in Sources */ = {isa = PBXBuildFile; fileRef = 8B7B4A452845A14500A081CC /* __Pa__StribeApp.swift */; };
		8B7B4A482845A14500A081CC /* ContentView.swift in Sources */ = {isa = PBXBuildFile; fileRef = 8B7B4A472845A14500A081CC /* ContentView.swift */; };
		8B7B4A4A2845A14700A081CC /* Assets.xcassets in Resources */ = {isa = PBXBuildFile; fileRef = 8B7B4A492845A14700A081CC /* Assets.xcassets */; };
		8B7B4A4D2845A14700A081CC /* Preview Assets.xcassets in Resources */ = {isa = PBXBuildFile; fileRef = 8B7B4A4C2845A14700A081CC /* Preview Assets.xcassets */; };
		8B7B4A542845A1A700A081CC /* Hul.swift in Sources */ = {isa = PBXBuildFile; fileRef = 8B7B4A532845A1A700A081CC /* Hul.swift */; };
		8B7B4A562845A1B800A081CC /* Skift.swift in Sources */ = {isa = PBXBuildFile; fileRef = 8B7B4A552845A1B800A081CC /* Skift.swift */; };
		8B7B4A582845A1F700A081CC /* SettingsView.swift in Sources */ = {isa = PBXBuildFile; fileRef = 8B7B4A572845A1F700A081CC /* SettingsView.swift */; };
		8B7B4A5A2845A23500A081CC /* Color+Extention.swift in Sources */ = {isa = PBXBuildFile; fileRef = 8B7B4A592845A23500A081CC /* Color+Extention.swift */; };
/* End PBXBuildFile section */

/* Begin PBXFileReference section */
		8B7B4A422845A14500A081CC /* 4 På Stribe.app */ = {isa = PBXFileReference; explicitFileType = wrapper.application; includeInIndex = 0; path = "4 På Stribe.app"; sourceTree = BUILT_PRODUCTS_DIR; };
		8B7B4A452845A14500A081CC /* __Pa__StribeApp.swift */ = {isa = PBXFileReference; lastKnownFileType = sourcecode.swift; path = __Pa__StribeApp.swift; sourceTree = "<group>"; };
		8B7B4A472845A14500A081CC /* ContentView.swift */ = {isa = PBXFileReference; lastKnownFileType = sourcecode.swift; path = ContentView.swift; sourceTree = "<group>"; };
		8B7B4A492845A14700A081CC /* Assets.xcassets */ = {isa = PBXFileReference; lastKnownFileType = folder.assetcatalog; path = Assets.xcassets; sourceTree = "<group>"; };
		8B7B4A4C2845A14700A081CC /* Preview Assets.xcassets */ = {isa = PBXFileReference; lastKnownFileType = folder.assetcatalog; path = "Preview Assets.xcassets"; sourceTree = "<group>"; };
		8B7B4A532845A1A700A081CC /* Hul.swift */ = {isa = PBXFileReference; lastKnownFileType = sourcecode.swift; path = Hul.swift; sourceTree = "<group>"; };
		8B7B4A552845A1B800A081CC /* Skift.swift */ = {isa = PBXFileReference; lastKnownFileType = sourcecode.swift; path = Skift.swift; sourceTree = "<group>"; };
		8B7B4A572845A1F700A081CC /* SettingsView.swift */ = {isa = PBXFileReference; lastKnownFileType = sourcecode.swift; path = SettingsView.swift; sourceTree = "<group>"; };
		8B7B4A592845A23500A081CC /* Color+Extention.swift */ = {isa = PBXFileReference; lastKnownFileType = sourcecode.swift; path = "Color+Extention.swift"; sourceTree = "<group>"; };
/* End PBXFileReference section */

/* Begin PBXFrameworksBuildPhase section */
		8B7B4A3F2845A14500A081CC /* Frameworks */ = {
			isa = PBXFrameworksBuildPhase;
			buildActionMask = 2147483647;
			files = (
			);
			runOnlyForDeploymentPostprocessing = 0;
		};
/* End PBXFrameworksBuildPhase section */

/* Begin PBXGroup section */
		8B7B4A392845A14500A081CC = {
			isa = PBXGroup;
			children = (
				8B7B4A442845A14500A081CC /* 4 På Stribe */,
				8B7B4A432845A14500A081CC /* Products */,
			);
			sourceTree = "<group>";
		};
		8B7B4A432845A14500A081CC /* Products */ = {
			isa = PBXGroup;
			children = (
				8B7B4A422845A14500A081CC /* 4 På Stribe.app */,
			);
			name = Products;
			sourceTree = "<group>";
		};
		8B7B4A442845A14500A081CC /* 4 På Stribe */ = {
			isa = PBXGroup;
			children = (
				8B7B4A452845A14500A081CC /* __Pa__StribeApp.swift */,
				8B7B4A592845A23500A081CC /* Color+Extention.swift */,
				8B7B4A532845A1A700A081CC /* Hul.swift */,
				8B7B4A552845A1B800A081CC /* Skift.swift */,
				8B7B4A572845A1F700A081CC /* SettingsView.swift */,
				8B7B4A472845A14500A081CC /* ContentView.swift */,
				8B7B4A492845A14700A081CC /* Assets.xcassets */,
				8B7B4A4B2845A14700A081CC /* Preview Content */,
			);
			path = "4 På Stribe";
			sourceTree = "<group>";
		};
		8B7B4A4B2845A14700A081CC /* Preview Content */ = {
			isa = PBXGroup;
			children = (
				8B7B4A4C2845A14700A081CC /* Preview Assets.xcassets */,
			);
			path = "Preview Content";
			sourceTree = "<group>";
		};
/* End PBXGroup section */

/* Begin PBXNativeTarget section */
		8B7B4A412845A14500A081CC /* 4 På Stribe */ = {
			isa = PBXNativeTarget;
			buildConfigurationList = 8B7B4A502845A14700A081CC /* Build configuration list for PBXNativeTarget "4 På Stribe" */;
			buildPhases = (
				8B7B4A3E2845A14500A081CC /* Sources */,
				8B7B4A3F2845A14500A081CC /* Frameworks */,
				8B7B4A402845A14500A081CC /* Resources */,
			);
			buildRules = (
			);
			dependencies = (
			);
			name = "4 På Stribe";
			productName = "4 På Stribe";
			productReference = 8B7B4A422845A14500A081CC /* 4 På Stribe.app */;
			productType = "com.apple.product-type.application";
		};
/* End PBXNativeTarget section */

/* Begin PBXProject section */
		8B7B4A3A2845A14500A081CC /* Project object */ = {
			isa = PBXProject;
			attributes = {
				BuildIndependentTargetsInParallel = 1;
				LastSwiftUpdateCheck = 1340;
				LastUpgradeCheck = 1340;
				TargetAttributes = {
					8B7B4A412845A14500A081CC = {
						CreatedOnToolsVersion = 13.4;
					};
				};
			};
			buildConfigurationList = 8B7B4A3D2845A14500A081CC /* Build configuration list for PBXProject "4 På Stribe" */;
			compatibilityVersion = "Xcode 13.0";
			developmentRegion = en;
			hasScannedForEncodings = 0;
			knownRegions = (
				en,
				Base,
			);
			mainGroup = 8B7B4A392845A14500A081CC;
			productRefGroup = 8B7B4A432845A14500A081CC /* Products */;
			projectDirPath = "";
			projectRoot = "";
			targets = (
				8B7B4A412845A14500A081CC /* 4 På Stribe */,
			);
		};
/* End PBXProject section */

/* Begin PBXResourcesBuildPhase section */
		8B7B4A402845A14500A081CC /* Resources */ = {
			isa = PBXResourcesBuildPhase;
			buildActionMask = 2147483647;
			files = (
				8B7B4A4D2845A14700A081CC /* Preview Assets.xcassets in Resources */,
				8B7B4A4A2845A14700A081CC /* Assets.xcassets in Resources */,
			);
			runOnlyForDeploymentPostprocessing = 0;
		};
/* End PBXResourcesBuildPhase section */

/* Begin PBXSourcesBuildPhase section */
		8B7B4A3E2845A14500A081CC /* Sources */ = {
			isa = PBXSourcesBuildPhase;
			buildActionMask = 2147483647;
			files = (
				8B7B4A5A2845A23500A081CC /* Color+Extention.swift in Sources */,
				8B7B4A582845A1F700A081CC /* SettingsView.swift in Sources */,
				8B7B4A482845A14500A081CC /* ContentView.swift in Sources */,
				8B7B4A462845A14500A081CC /* __Pa__StribeApp.swift in Sources */,
				8B7B4A542845A1A700A081CC /* Hul.swift in Sources */,
				8B7B4A562845A1B800A081CC /* Skift.swift in Sources */,
			);
			runOnlyForDeploymentPostprocessing = 0;
		};
/* End PBXSourcesBuildPhase section */

/* Begin XCBuildConfiguration section */
		8B7B4A4E2845A14700A081CC /* Debug */ = {
			isa = XCBuildConfiguration;
			buildSettings = {
				ALWAYS_SEARCH_USER_PATHS = NO;
				CLANG_ANALYZER_NONNULL = YES;
				CLANG_ANALYZER_NUMBER_OBJECT_CONVERSION = YES_AGGRESSIVE;
				CLANG_CXX_LANGUAGE_STANDARD = "gnu++17";
				CLANG_ENABLE_MODULES = YES;
				CLANG_ENABLE_OBJC_ARC = YES;
				CLANG_ENABLE_OBJC_WEAK = YES;
				CLANG_WARN_BLOCK_CAPTURE_AUTORELEASING = YES;
				CLANG_WARN_BOOL_CONVERSION = YES;
				CLANG_WARN_COMMA = YES;
				CLANG_WARN_CONSTANT_CONVERSION = YES;
				CLANG_WARN_DEPRECATED_OBJC_IMPLEMENTATIONS = YES;
				CLANG_WARN_DIRECT_OBJC_ISA_USAGE = YES_ERROR;
				CLANG_WARN_DOCUMENTATION_COMMENTS = YES;
				CLANG_WARN_EMPTY_BODY = YES;
				CLANG_WARN_ENUM_CONVERSION = YES;
				CLANG_WARN_INFINITE_RECURSION = YES;
				CLANG_WARN_INT_CONVERSION = YES;
				CLANG_WARN_NON_LITERAL_NULL_CONVERSION = YES;
				CLANG_WARN_OBJC_IMPLICIT_RETAIN_SELF = YES;
				CLANG_WARN_OBJC_LITERAL_CONVERSION = YES;
				CLANG_WARN_OBJC_ROOT_CLASS = YES_ERROR;
				CLANG_WARN_QUOTED_INCLUDE_IN_FRAMEWORK_HEADER = YES;
				CLANG_WARN_RANGE_LOOP_ANALYSIS = YES;
				CLANG_WARN_STRICT_PROTOTYPES = YES;
				CLANG_WARN_SUSPICIOUS_MOVE = YES;
				CLANG_WARN_UNGUARDED_AVAILABILITY = YES_AGGRESSIVE;
				CLANG_WARN_UNREACHABLE_CODE = YES;
				CLANG_WARN__DUPLICATE_METHOD_MATCH = YES;
				COPY_PHASE_STRIP = NO;
				DEBUG_INFORMATION_FORMAT = dwarf;
				ENABLE_STRICT_OBJC_MSGSEND = YES;
				ENABLE_TESTABILITY = YES;
				GCC_C_LANGUAGE_STANDARD = gnu11;
				GCC_DYNAMIC_NO_PIC = NO;
				GCC_NO_COMMON_BLOCKS = YES;
				GCC_OPTIMIZATION_LEVEL = 0;
				GCC_PREPROCESSOR_DEFINITIONS = (
					"DEBUG=1",
					"$(inherited)",
				);
				GCC_WARN_64_TO_32_BIT_CONVERSION = YES;
				GCC_WARN_ABOUT_RETURN_TYPE = YES_ERROR;
				GCC_WARN_UNDECLARED_SELECTOR = YES;
				GCC_WARN_UNINITIALIZED_AUTOS = YES_AGGRESSIVE;
				GCC_WARN_UNUSED_FUNCTION = YES;
				GCC_WARN_UNUSED_VARIABLE = YES;
				IPHONEOS_DEPLOYMENT_TARGET = 15.5;
				MTL_ENABLE_DEBUG_INFO = INCLUDE_SOURCE;
				MTL_FAST_MATH = YES;
				ONLY_ACTIVE_ARCH = YES;
				SDKROOT = iphoneos;
				SWIFT_ACTIVE_COMPILATION_CONDITIONS = DEBUG;
				SWIFT_OPTIMIZATION_LEVEL = "-Onone";
			};
			name = Debug;
		};
		8B7B4A4F2845A14700A081CC /* Release */ = {
			isa = XCBuildConfiguration;
			buildSettings = {
				ALWAYS_SEARCH_USER_PATHS = NO;
				CLANG_ANALYZER_NONNULL = YES;
				CLANG_ANALYZER_NUMBER_OBJECT_CONVERSION = YES_AGGRESSIVE;
				CLANG_CXX_LANGUAGE_STANDARD = "gnu++17";
				CLANG_ENABLE_MODULES = YES;
				CLANG_ENABLE_OBJC_ARC = YES;
				CLANG_ENABLE_OBJC_WEAK = YES;
				CLANG_WARN_BLOCK_CAPTURE_AUTORELEASING = YES;
				CLANG_WARN_BOOL_CONVERSION = YES;
				CLANG_WARN_COMMA = YES;
				CLANG_WARN_CONSTANT_CONVERSION = YES;
				CLANG_WARN_DEPRECATED_OBJC_IMPLEMENTATIONS = YES;
				CLANG_WARN_DIRECT_OBJC_ISA_USAGE = YES_ERROR;
				CLANG_WARN_DOCUMENTATION_COMMENTS = YES;
				CLANG_WARN_EMPTY_BODY = YES;
				CLANG_WARN_ENUM_CONVERSION = YES;
				CLANG_WARN_INFINITE_RECURSION = YES;
				CLANG_WARN_INT_CONVERSION = YES;
				CLANG_WARN_NON_LITERAL_NULL_CONVERSION = YES;
				CLANG_WARN_OBJC_IMPLICIT_RETAIN_SELF = YES;
				CLANG_WARN_OBJC_LITERAL_CONVERSION = YES;
				CLANG_WARN_OBJC_ROOT_CLASS = YES_ERROR;
				CLANG_WARN_QUOTED_INCLUDE_IN_FRAMEWORK_HEADER = YES;
				CLANG_WARN_RANGE_LOOP_ANALYSIS = YES;
				CLANG_WARN_STRICT_PROTOTYPES = YES;
				CLANG_WARN_SUSPICIOUS_MOVE = YES;
				CLANG_WARN_UNGUARDED_AVAILABILITY = YES_AGGRESSIVE;
				CLANG_WARN_UNREACHABLE_CODE = YES;
				CLANG_WARN__DUPLICATE_METHOD_MATCH = YES;
				COPY_PHASE_STRIP = NO;
				DEBUG_INFORMATION_FORMAT = "dwarf-with-dsym";
				ENABLE_NS_ASSERTIONS = NO;
				ENABLE_STRICT_OBJC_MSGSEND = YES;
				GCC_C_LANGUAGE_STANDARD = gnu11;
				GCC_NO_COMMON_BLOCKS = YES;
				GCC_WARN_64_TO_32_BIT_CONVERSION = YES;
				GCC_WARN_ABOUT_RETURN_TYPE = YES_ERROR;
				GCC_WARN_UNDECLARED_SELECTOR = YES;
				GCC_WARN_UNINITIALIZED_AUTOS = YES_AGGRESSIVE;
				GCC_WARN_UNUSED_FUNCTION = YES;
				GCC_WARN_UNUSED_VARIABLE = YES;
				IPHONEOS_DEPLOYMENT_TARGET = 15.5;
				MTL_ENABLE_DEBUG_INFO = NO;
				MTL_FAST_MATH = YES;
				SDKROOT = iphoneos;
				SWIFT_COMPILATION_MODE = wholemodule;
				SWIFT_OPTIMIZATION_LEVEL = "-O";
				VALIDATE_PRODUCT = YES;
			};
			name = Release;
		};
		8B7B4A512845A14700A081CC /* Debug */ = {
			isa = XCBuildConfiguration;
			buildSettings = {
				ASSETCATALOG_COMPILER_APPICON_NAME = AppIcon;
				ASSETCATALOG_COMPILER_GLOBAL_ACCENT_COLOR_NAME = AccentColor;
				CODE_SIGN_STYLE = Automatic;
				CURRENT_PROJECT_VERSION = 1;
				DEVELOPMENT_ASSET_PATHS = "\"4 På Stribe/Preview Content\"";
				DEVELOPMENT_TEAM = 9J9J33XC2U;
				ENABLE_PREVIEWS = YES;
				GENERATE_INFOPLIST_FILE = YES;
				INFOPLIST_KEY_UIApplicationSceneManifest_Generation = YES;
				INFOPLIST_KEY_UIApplicationSupportsIndirectInputEvents = YES;
				INFOPLIST_KEY_UILaunchScreen_Generation = YES;
				INFOPLIST_KEY_UISupportedInterfaceOrientations = "UIInterfaceOrientationPortrait UIInterfaceOrientationPortraitUpsideDown";
				INFOPLIST_KEY_UISupportedInterfaceOrientations_iPad = "UIInterfaceOrientationPortrait UIInterfaceOrientationPortraitUpsideDown UIInterfaceOrientationLandscapeLeft UIInterfaceOrientationLandscapeRight";
				INFOPLIST_KEY_UISupportedInterfaceOrientations_iPhone = "UIInterfaceOrientationPortrait UIInterfaceOrientationLandscapeLeft UIInterfaceOrientationLandscapeRight";
				LD_RUNPATH_SEARCH_PATHS = (
					"$(inherited)",
					"@executable_path/Frameworks",
				);
				MARKETING_VERSION = 1.0;
				PRODUCT_BUNDLE_IDENTIFIER = "Developer.--Pa--Stribe";
				PRODUCT_NAME = "$(TARGET_NAME)";
				SWIFT_EMIT_LOC_STRINGS = YES;
				SWIFT_VERSION = 5.0;
				TARGETED_DEVICE_FAMILY = "1,2";
			};
			name = Debug;
		};
		8B7B4A522845A14700A081CC /* Release */ = {
			isa = XCBuildConfiguration;
			buildSettings = {
				ASSETCATALOG_COMPILER_APPICON_NAME = AppIcon;
				ASSETCATALOG_COMPILER_GLOBAL_ACCENT_COLOR_NAME = AccentColor;
				CODE_SIGN_STYLE = Automatic;
				CURRENT_PROJECT_VERSION = 1;
				DEVELOPMENT_ASSET_PATHS = "\"4 På Stribe/Preview Content\"";
				DEVELOPMENT_TEAM = 9J9J33XC2U;
				ENABLE_PREVIEWS = YES;
				GENERATE_INFOPLIST_FILE = YES;
				INFOPLIST_KEY_UIApplicationSceneManifest_Generation = YES;
				INFOPLIST_KEY_UIApplicationSupportsIndirectInputEvents = YES;
				INFOPLIST_KEY_UILaunchScreen_Generation = YES;
				INFOPLIST_KEY_UISupportedInterfaceOrientations = "UIInterfaceOrientationPortrait UIInterfaceOrientationPortraitUpsideDown";
				INFOPLIST_KEY_UISupportedInterfaceOrientations_iPad = "UIInterfaceOrientationPortrait UIInterfaceOrientationPortraitUpsideDown UIInterfaceOrientationLandscapeLeft UIInterfaceOrientationLandscapeRight";
				INFOPLIST_KEY_UISupportedInterfaceOrientations_iPhone = "UIInterfaceOrientationPortrait UIInterfaceOrientationLandscapeLeft UIInterfaceOrientationLandscapeRight";
				LD_RUNPATH_SEARCH_PATHS = (
					"$(inherited)",
					"@executable_path/Frameworks",
				);
				MARKETING_VERSION = 1.0;
				PRODUCT_BUNDLE_IDENTIFIER = "Developer.--Pa--Stribe";
				PRODUCT_NAME = "$(TARGET_NAME)";
				SWIFT_EMIT_LOC_STRINGS = YES;
				SWIFT_VERSION = 5.0;
				TARGETED_DEVICE_FAMILY = "1,2";
			};
			name = Release;
		};
/* End XCBuildConfiguration section */

/* Begin XCConfigurationList section */
		8B7B4A3D2845A14500A081CC /* Build configuration list for PBXProject "4 På Stribe" */ = {
			isa = XCConfigurationList;
			buildConfigurations = (
				8B7B4A4E2845A14700A081CC /* Debug */,
				8B7B4A4F2845A14700A081CC /* Release */,
			);
			defaultConfigurationIsVisible = 0;
			defaultConfigurationName = Release;
		};
		8B7B4A502845A14700A081CC /* Build configuration list for PBXNativeTarget "4 På Stribe" */ = {
			isa = XCConfigurationList;
			buildConfigurations = (
				8B7B4A512845A14700A081CC /* Debug */,
				8B7B4A522845A14700A081CC /* Release */,
			);
			defaultConfigurationIsVisible = 0;
			defaultConfigurationName = Release;
		};
/* End XCConfigurationList section */
	};
	rootObject = 8B7B4A3A2845A14500A081CC /* Project object */;
}
